// !$*UTF8*$!
{
	archiveVersion = 1;
	classes = {
	};
	objectVersion = 56;
	objects = {

/* Begin PBXBuildFile section */
		2A4A06782B81B47A00512032 /* RealityKitContent in Frameworks */ = {isa = PBXBuildFile; productRef = 2A4A06772B81B47A00512032 /* RealityKitContent */; };
		2A4A067A2B81B47A00512032 /* Flying_ToastersApp.swift in Sources */ = {isa = PBXBuildFile; fileRef = 2A4A06792B81B47A00512032 /* Flying_ToastersApp.swift */; };
		2A4A067C2B81B47A00512032 /* ContentView.swift in Sources */ = {isa = PBXBuildFile; fileRef = 2A4A067B2B81B47A00512032 /* ContentView.swift */; };
		2A4A067E2B81B47A00512032 /* ImmersiveView.swift in Sources */ = {isa = PBXBuildFile; fileRef = 2A4A067D2B81B47A00512032 /* ImmersiveView.swift */; };
		2A4A06822B81B47C00512032 /* Assets.xcassets in Resources */ = {isa = PBXBuildFile; fileRef = 2A4A06812B81B47C00512032 /* Assets.xcassets */; };
		2A4A06852B81B47C00512032 /* Preview Assets.xcassets in Resources */ = {isa = PBXBuildFile; fileRef = 2A4A06842B81B47C00512032 /* Preview Assets.xcassets */; };
		2A4A06902B81B47C00512032 /* Flying_ToastersTests.swift in Sources */ = {isa = PBXBuildFile; fileRef = 2A4A068F2B81B47C00512032 /* Flying_ToastersTests.swift */; };
		2A4A069C2B82F6F400512032 /* Toasters.swift in Sources */ = {isa = PBXBuildFile; fileRef = 2A4A069B2B82F6F400512032 /* Toasters.swift */; };
		2A4A069E2B82F9B900512032 /* GlobalEntities.swift in Sources */ = {isa = PBXBuildFile; fileRef = 2A4A069D2B82F9B900512032 /* GlobalEntities.swift */; };
		2A4A06A22B83087800512032 /* ScreenSaverModel.swift in Sources */ = {isa = PBXBuildFile; fileRef = 2A4A06A12B83087800512032 /* ScreenSaverModel.swift */; };
		2A4A06A42B833F3400512032 /* Extensions.swift in Sources */ = {isa = PBXBuildFile; fileRef = 2A4A06A32B833F3400512032 /* Extensions.swift */; };
		2A4A06A62B84412C00512032 /* Flying-Toasters-HD.mp3 in Resources */ = {isa = PBXBuildFile; fileRef = 2A4A06A52B84412B00512032 /* Flying-Toasters-HD.mp3 */; };
		2A4A06A82B84461B00512032 /* CreditsView.swift in Sources */ = {isa = PBXBuildFile; fileRef = 2A4A06A72B84461B00512032 /* CreditsView.swift */; };
		2A86C42C2BA3F25D003B3198 /* Starfield.swift in Sources */ = {isa = PBXBuildFile; fileRef = 2A86C42B2BA3F25D003B3198 /* Starfield.swift */; };
/* End PBXBuildFile section */

/* Begin PBXContainerItemProxy section */
		2A4A068C2B81B47C00512032 /* PBXContainerItemProxy */ = {
			isa = PBXContainerItemProxy;
			containerPortal = 2A4A066A2B81B47A00512032 /* Project object */;
			proxyType = 1;
			remoteGlobalIDString = 2A4A06712B81B47A00512032;
			remoteInfo = "Zone Out";
		};
/* End PBXContainerItemProxy section */

/* Begin PBXFileReference section */
		2A4A06722B81B47A00512032 /* Flying Toasters.app */ = {isa = PBXFileReference; explicitFileType = wrapper.application; includeInIndex = 0; path = "Flying Toasters.app"; sourceTree = BUILT_PRODUCTS_DIR; };
		2A4A06762B81B47A00512032 /* RealityKitContent */ = {isa = PBXFileReference; lastKnownFileType = wrapper; path = RealityKitContent; sourceTree = "<group>"; };
		2A4A06792B81B47A00512032 /* Flying_ToastersApp.swift */ = {isa = PBXFileReference; lastKnownFileType = sourcecode.swift; path = Flying_ToastersApp.swift; sourceTree = "<group>"; };
		2A4A067B2B81B47A00512032 /* ContentView.swift */ = {isa = PBXFileReference; lastKnownFileType = sourcecode.swift; path = ContentView.swift; sourceTree = "<group>"; };
		2A4A067D2B81B47A00512032 /* ImmersiveView.swift */ = {isa = PBXFileReference; lastKnownFileType = sourcecode.swift; path = ImmersiveView.swift; sourceTree = "<group>"; };
		2A4A06812B81B47C00512032 /* Assets.xcassets */ = {isa = PBXFileReference; lastKnownFileType = folder.assetcatalog; path = Assets.xcassets; sourceTree = "<group>"; };
		2A4A06842B81B47C00512032 /* Preview Assets.xcassets */ = {isa = PBXFileReference; lastKnownFileType = folder.assetcatalog; path = "Preview Assets.xcassets"; sourceTree = "<group>"; };
		2A4A06862B81B47C00512032 /* Info.plist */ = {isa = PBXFileReference; lastKnownFileType = text.plist.xml; path = Info.plist; sourceTree = "<group>"; };
		2A4A068B2B81B47C00512032 /* Flying ToastersTests.xctest */ = {isa = PBXFileReference; explicitFileType = wrapper.cfbundle; includeInIndex = 0; path = "Flying ToastersTests.xctest"; sourceTree = BUILT_PRODUCTS_DIR; };
		2A4A068F2B81B47C00512032 /* Flying_ToastersTests.swift */ = {isa = PBXFileReference; lastKnownFileType = sourcecode.swift; path = Flying_ToastersTests.swift; sourceTree = "<group>"; };
		2A4A069B2B82F6F400512032 /* Toasters.swift */ = {isa = PBXFileReference; lastKnownFileType = sourcecode.swift; path = Toasters.swift; sourceTree = "<group>"; };
		2A4A069D2B82F9B900512032 /* GlobalEntities.swift */ = {isa = PBXFileReference; lastKnownFileType = sourcecode.swift; path = GlobalEntities.swift; sourceTree = "<group>"; };
		2A4A06A12B83087800512032 /* ScreenSaverModel.swift */ = {isa = PBXFileReference; lastKnownFileType = sourcecode.swift; path = ScreenSaverModel.swift; sourceTree = "<group>"; };
		2A4A06A32B833F3400512032 /* Extensions.swift */ = {isa = PBXFileReference; fileEncoding = 4; lastKnownFileType = sourcecode.swift; path = Extensions.swift; sourceTree = "<group>"; };
		2A4A06A52B84412B00512032 /* Flying-Toasters-HD.mp3 */ = {isa = PBXFileReference; lastKnownFileType = audio.mp3; path = "Flying-Toasters-HD.mp3"; sourceTree = "<group>"; };
		2A4A06A72B84461B00512032 /* CreditsView.swift */ = {isa = PBXFileReference; lastKnownFileType = sourcecode.swift; path = CreditsView.swift; sourceTree = "<group>"; };
		2A86C42B2BA3F25D003B3198 /* Starfield.swift */ = {isa = PBXFileReference; fileEncoding = 4; lastKnownFileType = sourcecode.swift; path = Starfield.swift; sourceTree = "<group>"; };
/* End PBXFileReference section */

/* Begin PBXFrameworksBuildPhase section */
		2A4A066F2B81B47A00512032 /* Frameworks */ = {
			isa = PBXFrameworksBuildPhase;
			buildActionMask = 2147483647;
			files = (
				2A4A06782B81B47A00512032 /* RealityKitContent in Frameworks */,
			);
			runOnlyForDeploymentPostprocessing = 0;
		};
		2A4A06882B81B47C00512032 /* Frameworks */ = {
			isa = PBXFrameworksBuildPhase;
			buildActionMask = 2147483647;
			files = (
			);
			runOnlyForDeploymentPostprocessing = 0;
		};
/* End PBXFrameworksBuildPhase section */

/* Begin PBXGroup section */
		2A4A06692B81B47A00512032 = {
			isa = PBXGroup;
			children = (
				2A4A06742B81B47A00512032 /* Flying Toasters */,
				2A4A06752B81B47A00512032 /* Packages */,
				2A4A068E2B81B47C00512032 /* Flying ToastersTests */,
				2A4A06732B81B47A00512032 /* Products */,
			);
			sourceTree = "<group>";
		};
		2A4A06732B81B47A00512032 /* Products */ = {
			isa = PBXGroup;
			children = (
				2A4A06722B81B47A00512032 /* Flying Toasters.app */,
				2A4A068B2B81B47C00512032 /* Flying ToastersTests.xctest */,
			);
			name = Products;
			sourceTree = "<group>";
		};
		2A4A06742B81B47A00512032 /* Flying Toasters */ = {
			isa = PBXGroup;
			children = (
				2A4A06A32B833F3400512032 /* Extensions.swift */,
				2A4A069A2B82F6CB00512032 /* screensavers */,
				2A4A06992B82F6AA00512032 /* USDZs */,
				2A4A06792B81B47A00512032 /* Flying_ToastersApp.swift */,
				2A4A067B2B81B47A00512032 /* ContentView.swift */,
				2A4A067D2B81B47A00512032 /* ImmersiveView.swift */,
				2A4A06812B81B47C00512032 /* Assets.xcassets */,
				2A4A06A52B84412B00512032 /* Flying-Toasters-HD.mp3 */,
				2A4A06862B81B47C00512032 /* Info.plist */,
				2A4A06832B81B47C00512032 /* Preview Content */,
				2A4A06A12B83087800512032 /* ScreenSaverModel.swift */,
				2A86C42B2BA3F25D003B3198 /* Starfield.swift */,
				2A4A06A72B84461B00512032 /* CreditsView.swift */,
			);
			path = "Flying Toasters";
			sourceTree = "<group>";
		};
		2A4A06752B81B47A00512032 /* Packages */ = {
			isa = PBXGroup;
			children = (
				2A4A06762B81B47A00512032 /* RealityKitContent */,
			);
			path = Packages;
			sourceTree = "<group>";
		};
		2A4A06832B81B47C00512032 /* Preview Content */ = {
			isa = PBXGroup;
			children = (
				2A4A06842B81B47C00512032 /* Preview Assets.xcassets */,
			);
			path = "Preview Content";
			sourceTree = "<group>";
		};
		2A4A068E2B81B47C00512032 /* Flying ToastersTests */ = {
			isa = PBXGroup;
			children = (
				2A4A068F2B81B47C00512032 /* Flying_ToastersTests.swift */,
			);
			path = "Flying ToastersTests";
			sourceTree = "<group>";
		};
		2A4A06992B82F6AA00512032 /* USDZs */ = {
			isa = PBXGroup;
			children = (
			);
			path = USDZs;
			sourceTree = "<group>";
		};
		2A4A069A2B82F6CB00512032 /* screensavers */ = {
			isa = PBXGroup;
			children = (
				2A4A069B2B82F6F400512032 /* Toasters.swift */,
				2A4A069D2B82F9B900512032 /* GlobalEntities.swift */,
			);
			path = screensavers;
			sourceTree = "<group>";
		};
/* End PBXGroup section */

/* Begin PBXNativeTarget section */
		2A4A06712B81B47A00512032 /* Flying Toasters */ = {
			isa = PBXNativeTarget;
			buildConfigurationList = 2A4A06932B81B47C00512032 /* Build configuration list for PBXNativeTarget "Flying Toasters" */;
			buildPhases = (
				2A4A066E2B81B47A00512032 /* Sources */,
				2A4A066F2B81B47A00512032 /* Frameworks */,
				2A4A06702B81B47A00512032 /* Resources */,
			);
			buildRules = (
			);
			dependencies = (
			);
			name = "Flying Toasters";
			packageProductDependencies = (
				2A4A06772B81B47A00512032 /* RealityKitContent */,
			);
			productName = "Zone Out";
			productReference = 2A4A06722B81B47A00512032 /* Flying Toasters.app */;
			productType = "com.apple.product-type.application";
		};
		2A4A068A2B81B47C00512032 /* Flying ToastersTests */ = {
			isa = PBXNativeTarget;
			buildConfigurationList = 2A4A06962B81B47C00512032 /* Build configuration list for PBXNativeTarget "Flying ToastersTests" */;
			buildPhases = (
				2A4A06872B81B47C00512032 /* Sources */,
				2A4A06882B81B47C00512032 /* Frameworks */,
				2A4A06892B81B47C00512032 /* Resources */,
			);
			buildRules = (
			);
			dependencies = (
				2A4A068D2B81B47C00512032 /* PBXTargetDependency */,
			);
			name = "Flying ToastersTests";
			productName = "Zone OutTests";
			productReference = 2A4A068B2B81B47C00512032 /* Flying ToastersTests.xctest */;
			productType = "com.apple.product-type.bundle.unit-test";
		};
/* End PBXNativeTarget section */

/* Begin PBXProject section */
		2A4A066A2B81B47A00512032 /* Project object */ = {
			isa = PBXProject;
			attributes = {
				BuildIndependentTargetsInParallel = 1;
				LastSwiftUpdateCheck = 1520;
				LastUpgradeCheck = 1520;
				TargetAttributes = {
					2A4A06712B81B47A00512032 = {
						CreatedOnToolsVersion = 15.2;
					};
					2A4A068A2B81B47C00512032 = {
						CreatedOnToolsVersion = 15.2;
						TestTargetID = 2A4A06712B81B47A00512032;
					};
				};
			};
			buildConfigurationList = 2A4A066D2B81B47A00512032 /* Build configuration list for PBXProject "Flying Toasters" */;
			compatibilityVersion = "Xcode 14.0";
			developmentRegion = en;
			hasScannedForEncodings = 0;
			knownRegions = (
				en,
				Base,
			);
			mainGroup = 2A4A06692B81B47A00512032;
			productRefGroup = 2A4A06732B81B47A00512032 /* Products */;
			projectDirPath = "";
			projectRoot = "";
			targets = (
				2A4A06712B81B47A00512032 /* Flying Toasters */,
				2A4A068A2B81B47C00512032 /* Flying ToastersTests */,
			);
		};
/* End PBXProject section */

/* Begin PBXResourcesBuildPhase section */
		2A4A06702B81B47A00512032 /* Resources */ = {
			isa = PBXResourcesBuildPhase;
			buildActionMask = 2147483647;
			files = (
				2A4A06A62B84412C00512032 /* Flying-Toasters-HD.mp3 in Resources */,
				2A4A06822B81B47C00512032 /* Assets.xcassets in Resources */,
				2A4A06852B81B47C00512032 /* Preview Assets.xcassets in Resources */,
			);
			runOnlyForDeploymentPostprocessing = 0;
		};
		2A4A06892B81B47C00512032 /* Resources */ = {
			isa = PBXResourcesBuildPhase;
			buildActionMask = 2147483647;
			files = (
			);
			runOnlyForDeploymentPostprocessing = 0;
		};
/* End PBXResourcesBuildPhase section */

/* Begin PBXSourcesBuildPhase section */
		2A4A066E2B81B47A00512032 /* Sources */ = {
			isa = PBXSourcesBuildPhase;
			buildActionMask = 2147483647;
			files = (
				2A4A067C2B81B47A00512032 /* ContentView.swift in Sources */,
				2A4A069C2B82F6F400512032 /* Toasters.swift in Sources */,
				2A4A067A2B81B47A00512032 /* Flying_ToastersApp.swift in Sources */,
				2A4A06A22B83087800512032 /* ScreenSaverModel.swift in Sources */,
				2A4A069E2B82F9B900512032 /* GlobalEntities.swift in Sources */,
				2A4A06A82B84461B00512032 /* CreditsView.swift in Sources */,
				2A4A067E2B81B47A00512032 /* ImmersiveView.swift in Sources */,
				2A4A06A42B833F3400512032 /* Extensions.swift in Sources */,
				2A86C42C2BA3F25D003B3198 /* Starfield.swift in Sources */,
			);
			runOnlyForDeploymentPostprocessing = 0;
		};
		2A4A06872B81B47C00512032 /* Sources */ = {
			isa = PBXSourcesBuildPhase;
			buildActionMask = 2147483647;
			files = (
				2A4A06902B81B47C00512032 /* Flying_ToastersTests.swift in Sources */,
			);
			runOnlyForDeploymentPostprocessing = 0;
		};
/* End PBXSourcesBuildPhase section */

/* Begin PBXTargetDependency section */
		2A4A068D2B81B47C00512032 /* PBXTargetDependency */ = {
			isa = PBXTargetDependency;
			target = 2A4A06712B81B47A00512032 /* Flying Toasters */;
			targetProxy = 2A4A068C2B81B47C00512032 /* PBXContainerItemProxy */;
		};
/* End PBXTargetDependency section */

/* Begin XCBuildConfiguration section */
		2A4A06912B81B47C00512032 /* Debug */ = {
			isa = XCBuildConfiguration;
			buildSettings = {
				ALWAYS_SEARCH_USER_PATHS = NO;
				ASSETCATALOG_COMPILER_GENERATE_SWIFT_ASSET_SYMBOL_EXTENSIONS = YES;
				CLANG_ANALYZER_NONNULL = YES;
				CLANG_ANALYZER_NUMBER_OBJECT_CONVERSION = YES_AGGRESSIVE;
				CLANG_CXX_LANGUAGE_STANDARD = "gnu++20";
				CLANG_ENABLE_MODULES = YES;
				CLANG_ENABLE_OBJC_ARC = YES;
				CLANG_ENABLE_OBJC_WEAK = YES;
				CLANG_WARN_BLOCK_CAPTURE_AUTORELEASING = YES;
				CLANG_WARN_BOOL_CONVERSION = YES;
				CLANG_WARN_COMMA = YES;
				CLANG_WARN_CONSTANT_CONVERSION = YES;
				CLANG_WARN_DEPRECATED_OBJC_IMPLEMENTATIONS = YES;
				CLANG_WARN_DIRECT_OBJC_ISA_USAGE = YES_ERROR;
				CLANG_WARN_DOCUMENTATION_COMMENTS = YES;
				CLANG_WARN_EMPTY_BODY = YES;
				CLANG_WARN_ENUM_CONVERSION = YES;
				CLANG_WARN_INFINITE_RECURSION = YES;
				CLANG_WARN_INT_CONVERSION = YES;
				CLANG_WARN_NON_LITERAL_NULL_CONVERSION = YES;
				CLANG_WARN_OBJC_IMPLICIT_RETAIN_SELF = YES;
				CLANG_WARN_OBJC_LITERAL_CONVERSION = YES;
				CLANG_WARN_OBJC_ROOT_CLASS = YES_ERROR;
				CLANG_WARN_QUOTED_INCLUDE_IN_FRAMEWORK_HEADER = YES;
				CLANG_WARN_RANGE_LOOP_ANALYSIS = YES;
				CLANG_WARN_STRICT_PROTOTYPES = YES;
				CLANG_WARN_SUSPICIOUS_MOVE = YES;
				CLANG_WARN_UNGUARDED_AVAILABILITY = YES_AGGRESSIVE;
				CLANG_WARN_UNREACHABLE_CODE = YES;
				CLANG_WARN__DUPLICATE_METHOD_MATCH = YES;
				COPY_PHASE_STRIP = NO;
				DEBUG_INFORMATION_FORMAT = dwarf;
				ENABLE_STRICT_OBJC_MSGSEND = YES;
				ENABLE_TESTABILITY = YES;
				ENABLE_USER_SCRIPT_SANDBOXING = YES;
				GCC_C_LANGUAGE_STANDARD = gnu17;
				GCC_DYNAMIC_NO_PIC = NO;
				GCC_NO_COMMON_BLOCKS = YES;
				GCC_OPTIMIZATION_LEVEL = 0;
				GCC_PREPROCESSOR_DEFINITIONS = (
					"DEBUG=1",
					"$(inherited)",
				);
				GCC_WARN_64_TO_32_BIT_CONVERSION = YES;
				GCC_WARN_ABOUT_RETURN_TYPE = YES_ERROR;
				GCC_WARN_UNDECLARED_SELECTOR = YES;
				GCC_WARN_UNINITIALIZED_AUTOS = YES_AGGRESSIVE;
				GCC_WARN_UNUSED_FUNCTION = YES;
				GCC_WARN_UNUSED_VARIABLE = YES;
				LOCALIZATION_PREFERS_STRING_CATALOGS = YES;
				MTL_ENABLE_DEBUG_INFO = INCLUDE_SOURCE;
				MTL_FAST_MATH = YES;
				ONLY_ACTIVE_ARCH = YES;
				SDKROOT = xros;
				SWIFT_ACTIVE_COMPILATION_CONDITIONS = "DEBUG $(inherited)";
				SWIFT_OPTIMIZATION_LEVEL = "-Onone";
				XROS_DEPLOYMENT_TARGET = 1.0;
			};
			name = Debug;
		};
		2A4A06922B81B47C00512032 /* Release */ = {
			isa = XCBuildConfiguration;
			buildSettings = {
				ALWAYS_SEARCH_USER_PATHS = NO;
				ASSETCATALOG_COMPILER_GENERATE_SWIFT_ASSET_SYMBOL_EXTENSIONS = YES;
				CLANG_ANALYZER_NONNULL = YES;
				CLANG_ANALYZER_NUMBER_OBJECT_CONVERSION = YES_AGGRESSIVE;
				CLANG_CXX_LANGUAGE_STANDARD = "gnu++20";
				CLANG_ENABLE_MODULES = YES;
				CLANG_ENABLE_OBJC_ARC = YES;
				CLANG_ENABLE_OBJC_WEAK = YES;
				CLANG_WARN_BLOCK_CAPTURE_AUTORELEASING = YES;
				CLANG_WARN_BOOL_CONVERSION = YES;
				CLANG_WARN_COMMA = YES;
				CLANG_WARN_CONSTANT_CONVERSION = YES;
				CLANG_WARN_DEPRECATED_OBJC_IMPLEMENTATIONS = YES;
				CLANG_WARN_DIRECT_OBJC_ISA_USAGE = YES_ERROR;
				CLANG_WARN_DOCUMENTATION_COMMENTS = YES;
				CLANG_WARN_EMPTY_BODY = YES;
				CLANG_WARN_ENUM_CONVERSION = YES;
				CLANG_WARN_INFINITE_RECURSION = YES;
				CLANG_WARN_INT_CONVERSION = YES;
				CLANG_WARN_NON_LITERAL_NULL_CONVERSION = YES;
				CLANG_WARN_OBJC_IMPLICIT_RETAIN_SELF = YES;
				CLANG_WARN_OBJC_LITERAL_CONVERSION = YES;
				CLANG_WARN_OBJC_ROOT_CLASS = YES_ERROR;
				CLANG_WARN_QUOTED_INCLUDE_IN_FRAMEWORK_HEADER = YES;
				CLANG_WARN_RANGE_LOOP_ANALYSIS = YES;
				CLANG_WARN_STRICT_PROTOTYPES = YES;
				CLANG_WARN_SUSPICIOUS_MOVE = YES;
				CLANG_WARN_UNGUARDED_AVAILABILITY = YES_AGGRESSIVE;
				CLANG_WARN_UNREACHABLE_CODE = YES;
				CLANG_WARN__DUPLICATE_METHOD_MATCH = YES;
				COPY_PHASE_STRIP = NO;
				DEBUG_INFORMATION_FORMAT = "dwarf-with-dsym";
				ENABLE_NS_ASSERTIONS = NO;
				ENABLE_STRICT_OBJC_MSGSEND = YES;
				ENABLE_USER_SCRIPT_SANDBOXING = YES;
				GCC_C_LANGUAGE_STANDARD = gnu17;
				GCC_NO_COMMON_BLOCKS = YES;
				GCC_WARN_64_TO_32_BIT_CONVERSION = YES;
				GCC_WARN_ABOUT_RETURN_TYPE = YES_ERROR;
				GCC_WARN_UNDECLARED_SELECTOR = YES;
				GCC_WARN_UNINITIALIZED_AUTOS = YES_AGGRESSIVE;
				GCC_WARN_UNUSED_FUNCTION = YES;
				GCC_WARN_UNUSED_VARIABLE = YES;
				LOCALIZATION_PREFERS_STRING_CATALOGS = YES;
				MTL_ENABLE_DEBUG_INFO = NO;
				MTL_FAST_MATH = YES;
				ONLY_ACTIVE_ARCH = NO;
				SDKROOT = xros;
				SWIFT_COMPILATION_MODE = wholemodule;
				VALIDATE_PRODUCT = YES;
				XROS_DEPLOYMENT_TARGET = 1.0;
			};
			name = Release;
		};
		2A4A06942B81B47C00512032 /* Debug */ = {
			isa = XCBuildConfiguration;
			buildSettings = {
				ASSETCATALOG_COMPILER_APPICON_NAME = AppIcon;
				ASSETCATALOG_COMPILER_GLOBAL_ACCENT_COLOR_NAME = AccentColor;
				ASSETCATALOG_COMPILER_INCLUDE_ALL_APPICON_ASSETS = YES;
				CODE_SIGN_STYLE = Automatic;
				CURRENT_PROJECT_VERSION = 1;
				DEVELOPMENT_ASSET_PATHS = "\"Flying Toasters/Preview Content\"";
				DEVELOPMENT_TEAM = DNKCQMGDDL;
				ENABLE_PREVIEWS = YES;
				GENERATE_INFOPLIST_FILE = YES;
				INFOPLIST_FILE = "$(TARGET_NAME)/Info.plist";
				INFOPLIST_KEY_CFBundleDisplayName = "Flying Toasters";
				INFOPLIST_KEY_LSApplicationCategoryType = "public.app-category.entertainment";
				LD_RUNPATH_SEARCH_PATHS = (
					"$(inherited)",
					"@executable_path/Frameworks",
				);
				MARKETING_VERSION = 1.0;
				PRODUCT_BUNDLE_IDENTIFIER = com.bunnyvisionstudios.flyingtoasters;
				PRODUCT_NAME = "$(TARGET_NAME)";
				SUPPORTED_PLATFORMS = "xros xrsimulator";
				SWIFT_EMIT_LOC_STRINGS = YES;
				SWIFT_VERSION = 5.0;
				TARGETED_DEVICE_FAMILY = "1,2,7";
			};
			name = Debug;
		};
		2A4A06952B81B47C00512032 /* Release */ = {
			isa = XCBuildConfiguration;
			buildSettings = {
				ASSETCATALOG_COMPILER_APPICON_NAME = AppIcon;
				ASSETCATALOG_COMPILER_GLOBAL_ACCENT_COLOR_NAME = AccentColor;
				ASSETCATALOG_COMPILER_INCLUDE_ALL_APPICON_ASSETS = YES;
				CODE_SIGN_STYLE = Automatic;
				CURRENT_PROJECT_VERSION = 1;
				DEVELOPMENT_ASSET_PATHS = "\"Flying Toasters/Preview Content\"";
				DEVELOPMENT_TEAM = DNKCQMGDDL;
				ENABLE_PREVIEWS = YES;
				GENERATE_INFOPLIST_FILE = YES;
				INFOPLIST_FILE = "$(TARGET_NAME)/Info.plist";
				INFOPLIST_KEY_CFBundleDisplayName = "Flying Toasters";
				INFOPLIST_KEY_LSApplicationCategoryType = "public.app-category.entertainment";
				LD_RUNPATH_SEARCH_PATHS = (
					"$(inherited)",
					"@executable_path/Frameworks",
				);
				MARKETING_VERSION = 1.0;
				PRODUCT_BUNDLE_IDENTIFIER = com.bunnyvisionstudios.flyingtoasters;
				PRODUCT_NAME = "$(TARGET_NAME)";
				SUPPORTED_PLATFORMS = "xros xrsimulator";
				SWIFT_EMIT_LOC_STRINGS = YES;
				SWIFT_VERSION = 5.0;
				TARGETED_DEVICE_FAMILY = "1,2,7";
			};
			name = Release;
		};
		2A4A06972B81B47C00512032 /* Debug */ = {
			isa = XCBuildConfiguration;
			buildSettings = {
				ALWAYS_EMBED_SWIFT_STANDARD_LIBRARIES = YES;
				BUNDLE_LOADER = "$(TEST_HOST)";
				CODE_SIGN_STYLE = Automatic;
				CURRENT_PROJECT_VERSION = 1;
				GENERATE_INFOPLIST_FILE = YES;
				MARKETING_VERSION = 1.0;
				PRODUCT_BUNDLE_IDENTIFIER = "com.abhipray.Zone-OutTests";
				PRODUCT_NAME = "$(TARGET_NAME)";
				SUPPORTED_PLATFORMS = "xros xrsimulator";
				SWIFT_EMIT_LOC_STRINGS = NO;
				SWIFT_VERSION = 5.0;
				TARGETED_DEVICE_FAMILY = "1,2,7";
				TEST_HOST = "$(BUILT_PRODUCTS_DIR)/Flying Toasters.app/$(BUNDLE_EXECUTABLE_FOLDER_PATH)/Flying Toasters";
				XROS_DEPLOYMENT_TARGET = 1.0;
			};
			name = Debug;
		};
		2A4A06982B81B47C00512032 /* Release */ = {
			isa = XCBuildConfiguration;
			buildSettings = {
				ALWAYS_EMBED_SWIFT_STANDARD_LIBRARIES = YES;
				BUNDLE_LOADER = "$(TEST_HOST)";
				CODE_SIGN_STYLE = Automatic;
				CURRENT_PROJECT_VERSION = 1;
				GENERATE_INFOPLIST_FILE = YES;
				MARKETING_VERSION = 1.0;
				PRODUCT_BUNDLE_IDENTIFIER = "com.abhipray.Zone-OutTests";
				PRODUCT_NAME = "$(TARGET_NAME)";
				SUPPORTED_PLATFORMS = "xros xrsimulator";
				SWIFT_EMIT_LOC_STRINGS = NO;
				SWIFT_VERSION = 5.0;
				TARGETED_DEVICE_FAMILY = "1,2,7";
				TEST_HOST = "$(BUILT_PRODUCTS_DIR)/Flying Toasters.app/$(BUNDLE_EXECUTABLE_FOLDER_PATH)/Flying Toasters";
				XROS_DEPLOYMENT_TARGET = 1.0;
			};
			name = Release;
		};
/* End XCBuildConfiguration section */

/* Begin XCConfigurationList section */
		2A4A066D2B81B47A00512032 /* Build configuration list for PBXProject "Flying Toasters" */ = {
			isa = XCConfigurationList;
			buildConfigurations = (
				2A4A06912B81B47C00512032 /* Debug */,
				2A4A06922B81B47C00512032 /* Release */,
			);
			defaultConfigurationIsVisible = 0;
			defaultConfigurationName = Release;
		};
		2A4A06932B81B47C00512032 /* Build configuration list for PBXNativeTarget "Flying Toasters" */ = {
			isa = XCConfigurationList;
			buildConfigurations = (
				2A4A06942B81B47C00512032 /* Debug */,
				2A4A06952B81B47C00512032 /* Release */,
			);
			defaultConfigurationIsVisible = 0;
			defaultConfigurationName = Release;
		};
		2A4A06962B81B47C00512032 /* Build configuration list for PBXNativeTarget "Flying ToastersTests" */ = {
			isa = XCConfigurationList;
			buildConfigurations = (
				2A4A06972B81B47C00512032 /* Debug */,
				2A4A06982B81B47C00512032 /* Release */,
			);
			defaultConfigurationIsVisible = 0;
			defaultConfigurationName = Release;
		};
/* End XCConfigurationList section */

/* Begin XCSwiftPackageProductDependency section */
		2A4A06772B81B47A00512032 /* RealityKitContent */ = {
			isa = XCSwiftPackageProductDependency;
			productName = RealityKitContent;
		};
/* End XCSwiftPackageProductDependency section */
	};
	rootObject = 2A4A066A2B81B47A00512032 /* Project object */;
}
